# This file is autogenerated, do not edit; changes may be undone by the next 'dep ensure'.


[[projects]]
  name = "github.com/stripe/stripe-go"
  packages = [".","form","orderitem","webhook"]
  revision = "0a93e406acee553dcece6034a0b3f4ab62b228b5"
  version = "v28.8.0"

[solve-meta]
  analyzer-name = "dep"
  analyzer-version = 1
  inputs-digest = "234ee1c78045003a705d5829d2e2757c41a014b5f0f24c73e5d0f1bbf9c0d114"
  solver-name = "gps-cdcl"
  solver-version = 1
